// !$*UTF8*$!
{
	archiveVersion = 1;
	classes = {
	};
	objectVersion = 50;
	objects = {

/* Begin PBXBuildFile section */
		6BD1D3682573903C00F3A0D7 /* AppDelegate.swift in Sources */ = {isa = PBXBuildFile; fileRef = 6BD1D3672573903C00F3A0D7 /* AppDelegate.swift */; };
		6BD1D36A2573903C00F3A0D7 /* SceneDelegate.swift in Sources */ = {isa = PBXBuildFile; fileRef = 6BD1D3692573903C00F3A0D7 /* SceneDelegate.swift */; };
		6BD1D36C2573903C00F3A0D7 /* ViewController.swift in Sources */ = {isa = PBXBuildFile; fileRef = 6BD1D36B2573903C00F3A0D7 /* ViewController.swift */; };
		6BD1D36F2573903C00F3A0D7 /* Main.storyboard in Resources */ = {isa = PBXBuildFile; fileRef = 6BD1D36D2573903C00F3A0D7 /* Main.storyboard */; };
		6BD1D3712573903D00F3A0D7 /* Assets.xcassets in Resources */ = {isa = PBXBuildFile; fileRef = 6BD1D3702573903D00F3A0D7 /* Assets.xcassets */; };
		6BD1D3742573903D00F3A0D7 /* LaunchScreen.storyboard in Resources */ = {isa = PBXBuildFile; fileRef = 6BD1D3722573903D00F3A0D7 /* LaunchScreen.storyboard */; };
		6BD1D3822573912400F3A0D7 /* Place.swift in Sources */ = {isa = PBXBuildFile; fileRef = 6BD1D3812573912400F3A0D7 /* Place.swift */; };
		6BD1D3882573962600F3A0D7 /* TourismTableViewCell.swift in Sources */ = {isa = PBXBuildFile; fileRef = 6BD1D3862573962600F3A0D7 /* TourismTableViewCell.swift */; };
		6BD1D3892573962600F3A0D7 /* TourismTableViewCell.xib in Resources */ = {isa = PBXBuildFile; fileRef = 6BD1D3872573962600F3A0D7 /* TourismTableViewCell.xib */; };
		6BD1D3A9257475C800F3A0D7 /* ProfileTourismViewController.swift in Sources */ = {isa = PBXBuildFile; fileRef = 6BD1D3A7257475C800F3A0D7 /* ProfileTourismViewController.swift */; };
		6BD1D3AA257475C800F3A0D7 /* ProfileTourismViewController.xib in Resources */ = {isa = PBXBuildFile; fileRef = 6BD1D3A8257475C800F3A0D7 /* ProfileTourismViewController.xib */; };
		6BD1D3D42574D07A00F3A0D7 /* DetailTourismViewController.swift in Sources */ = {isa = PBXBuildFile; fileRef = 6BD1D3D22574D07A00F3A0D7 /* DetailTourismViewController.swift */; };
		6BD1D3D52574D07A00F3A0D7 /* DetailTourismViewController.xib in Resources */ = {isa = PBXBuildFile; fileRef = 6BD1D3D32574D07A00F3A0D7 /* DetailTourismViewController.xib */; };
/* End PBXBuildFile section */

/* Begin PBXFileReference section */
		6BD1D3642573903C00F3A0D7 /* TourismApps.app */ = {isa = PBXFileReference; explicitFileType = wrapper.application; includeInIndex = 0; path = TourismApps.app; sourceTree = BUILT_PRODUCTS_DIR; };
		6BD1D3672573903C00F3A0D7 /* AppDelegate.swift */ = {isa = PBXFileReference; lastKnownFileType = sourcecode.swift; path = AppDelegate.swift; sourceTree = "<group>"; };
		6BD1D3692573903C00F3A0D7 /* SceneDelegate.swift */ = {isa = PBXFileReference; lastKnownFileType = sourcecode.swift; path = SceneDelegate.swift; sourceTree = "<group>"; };
		6BD1D36B2573903C00F3A0D7 /* ViewController.swift */ = {isa = PBXFileReference; lastKnownFileType = sourcecode.swift; path = ViewController.swift; sourceTree = "<group>"; };
		6BD1D36E2573903C00F3A0D7 /* Base */ = {isa = PBXFileReference; lastKnownFileType = file.storyboard; name = Base; path = Base.lproj/Main.storyboard; sourceTree = "<group>"; };
		6BD1D3702573903D00F3A0D7 /* Assets.xcassets */ = {isa = PBXFileReference; lastKnownFileType = folder.assetcatalog; path = Assets.xcassets; sourceTree = "<group>"; };
		6BD1D3732573903D00F3A0D7 /* Base */ = {isa = PBXFileReference; lastKnownFileType = file.storyboard; name = Base; path = Base.lproj/LaunchScreen.storyboard; sourceTree = "<group>"; };
		6BD1D3752573903D00F3A0D7 /* Info.plist */ = {isa = PBXFileReference; lastKnownFileType = text.plist.xml; path = Info.plist; sourceTree = "<group>"; };
		6BD1D3812573912400F3A0D7 /* Place.swift */ = {isa = PBXFileReference; lastKnownFileType = sourcecode.swift; path = Place.swift; sourceTree = "<group>"; };
		6BD1D3862573962600F3A0D7 /* TourismTableViewCell.swift */ = {isa = PBXFileReference; lastKnownFileType = sourcecode.swift; path = TourismTableViewCell.swift; sourceTree = "<group>"; };
		6BD1D3872573962600F3A0D7 /* TourismTableViewCell.xib */ = {isa = PBXFileReference; lastKnownFileType = file.xib; path = TourismTableViewCell.xib; sourceTree = "<group>"; };
		6BD1D3A7257475C800F3A0D7 /* ProfileTourismViewController.swift */ = {isa = PBXFileReference; lastKnownFileType = sourcecode.swift; path = ProfileTourismViewController.swift; sourceTree = "<group>"; };
		6BD1D3A8257475C800F3A0D7 /* ProfileTourismViewController.xib */ = {isa = PBXFileReference; lastKnownFileType = file.xib; path = ProfileTourismViewController.xib; sourceTree = "<group>"; };
		6BD1D3D22574D07A00F3A0D7 /* DetailTourismViewController.swift */ = {isa = PBXFileReference; lastKnownFileType = sourcecode.swift; path = DetailTourismViewController.swift; sourceTree = "<group>"; };
		6BD1D3D32574D07A00F3A0D7 /* DetailTourismViewController.xib */ = {isa = PBXFileReference; lastKnownFileType = file.xib; path = DetailTourismViewController.xib; sourceTree = "<group>"; };
/* End PBXFileReference section */

/* Begin PBXFrameworksBuildPhase section */
		6BD1D3612573903C00F3A0D7 /* Frameworks */ = {
			isa = PBXFrameworksBuildPhase;
			buildActionMask = 2147483647;
			files = (
			);
			runOnlyForDeploymentPostprocessing = 0;
		};
/* End PBXFrameworksBuildPhase section */

/* Begin PBXGroup section */
		6BD1D35B2573903B00F3A0D7 = {
			isa = PBXGroup;
			children = (
				6BD1D3662573903C00F3A0D7 /* TourismApps */,
				6BD1D3652573903C00F3A0D7 /* Products */,
			);
			sourceTree = "<group>";
		};
		6BD1D3652573903C00F3A0D7 /* Products */ = {
			isa = PBXGroup;
			children = (
				6BD1D3642573903C00F3A0D7 /* TourismApps.app */,
			);
			name = Products;
			sourceTree = "<group>";
		};
		6BD1D3662573903C00F3A0D7 /* TourismApps */ = {
			isa = PBXGroup;
			children = (
				6BD1D3702573903D00F3A0D7 /* Assets.xcassets */,
				6BD1D3752573903D00F3A0D7 /* Info.plist */,
				6BD1D37E2573906F00F3A0D7 /* Controller */,
				6BD1D380257390EC00F3A0D7 /* View */,
				6BD1D37F257390E300F3A0D7 /* Model */,
				6BD1D37C2573904500F3A0D7 /* Base */,
			);
			path = TourismApps;
			sourceTree = "<group>";
		};
		6BD1D37C2573904500F3A0D7 /* Base */ = {
			isa = PBXGroup;
			children = (
				6BD1D3672573903C00F3A0D7 /* AppDelegate.swift */,
				6BD1D3692573903C00F3A0D7 /* SceneDelegate.swift */,
			);
			path = Base;
			sourceTree = "<group>";
		};
		6BD1D37E2573906F00F3A0D7 /* Controller */ = {
			isa = PBXGroup;
			children = (
				6BD1D3D22574D07A00F3A0D7 /* DetailTourismViewController.swift */,
				6BD1D3A7257475C800F3A0D7 /* ProfileTourismViewController.swift */,
				6BD1D3862573962600F3A0D7 /* TourismTableViewCell.swift */,
				6BD1D36B2573903C00F3A0D7 /* ViewController.swift */,
			);
			path = Controller;
			sourceTree = "<group>";
		};
		6BD1D37F257390E300F3A0D7 /* Model */ = {
			isa = PBXGroup;
			children = (
				6BD1D3812573912400F3A0D7 /* Place.swift */,
			);
			path = Model;
			sourceTree = "<group>";
		};
		6BD1D380257390EC00F3A0D7 /* View */ = {
			isa = PBXGroup;
			children = (
				6BD1D3D32574D07A00F3A0D7 /* DetailTourismViewController.xib */,
				6BD1D3A8257475C800F3A0D7 /* ProfileTourismViewController.xib */,
				6BD1D3872573962600F3A0D7 /* TourismTableViewCell.xib */,
				6BD1D36D2573903C00F3A0D7 /* Main.storyboard */,
				6BD1D3722573903D00F3A0D7 /* LaunchScreen.storyboard */,
			);
			path = View;
			sourceTree = "<group>";
		};
/* End PBXGroup section */

/* Begin PBXNativeTarget section */
		6BD1D3632573903C00F3A0D7 /* TourismApps */ = {
			isa = PBXNativeTarget;
			buildConfigurationList = 6BD1D3782573903D00F3A0D7 /* Build configuration list for PBXNativeTarget "TourismApps" */;
			buildPhases = (
				6BD1D3602573903C00F3A0D7 /* Sources */,
				6BD1D3612573903C00F3A0D7 /* Frameworks */,
				6BD1D3622573903C00F3A0D7 /* Resources */,
			);
			buildRules = (
			);
			dependencies = (
			);
			name = TourismApps;
			productName = TourismApps;
			productReference = 6BD1D3642573903C00F3A0D7 /* TourismApps.app */;
			productType = "com.apple.product-type.application";
		};
/* End PBXNativeTarget section */

/* Begin PBXProject section */
		6BD1D35C2573903B00F3A0D7 /* Project object */ = {
			isa = PBXProject;
			attributes = {
				LastSwiftUpdateCheck = 1220;
				LastUpgradeCheck = 1220;
				TargetAttributes = {
					6BD1D3632573903C00F3A0D7 = {
						CreatedOnToolsVersion = 12.2;
					};
				};
			};
			buildConfigurationList = 6BD1D35F2573903B00F3A0D7 /* Build configuration list for PBXProject "TourismApps" */;
			compatibilityVersion = "Xcode 9.3";
			developmentRegion = en;
			hasScannedForEncodings = 0;
			knownRegions = (
				en,
				Base,
			);
			mainGroup = 6BD1D35B2573903B00F3A0D7;
			productRefGroup = 6BD1D3652573903C00F3A0D7 /* Products */;
			projectDirPath = "";
			projectRoot = "";
			targets = (
				6BD1D3632573903C00F3A0D7 /* TourismApps */,
			);
		};
/* End PBXProject section */

/* Begin PBXResourcesBuildPhase section */
		6BD1D3622573903C00F3A0D7 /* Resources */ = {
			isa = PBXResourcesBuildPhase;
			buildActionMask = 2147483647;
			files = (
				6BD1D3AA257475C800F3A0D7 /* ProfileTourismViewController.xib in Resources */,
				6BD1D3742573903D00F3A0D7 /* LaunchScreen.storyboard in Resources */,
				6BD1D3712573903D00F3A0D7 /* Assets.xcassets in Resources */,
				6BD1D36F2573903C00F3A0D7 /* Main.storyboard in Resources */,
				6BD1D3892573962600F3A0D7 /* TourismTableViewCell.xib in Resources */,
				6BD1D3D52574D07A00F3A0D7 /* DetailTourismViewController.xib in Resources */,
			);
			runOnlyForDeploymentPostprocessing = 0;
		};
/* End PBXResourcesBuildPhase section */

/* Begin PBXSourcesBuildPhase section */
		6BD1D3602573903C00F3A0D7 /* Sources */ = {
			isa = PBXSourcesBuildPhase;
			buildActionMask = 2147483647;
			files = (
				6BD1D36C2573903C00F3A0D7 /* ViewController.swift in Sources */,
				6BD1D3882573962600F3A0D7 /* TourismTableViewCell.swift in Sources */,
				6BD1D3D42574D07A00F3A0D7 /* DetailTourismViewController.swift in Sources */,
				6BD1D3A9257475C800F3A0D7 /* ProfileTourismViewController.swift in Sources */,
				6BD1D3682573903C00F3A0D7 /* AppDelegate.swift in Sources */,
				6BD1D36A2573903C00F3A0D7 /* SceneDelegate.swift in Sources */,
				6BD1D3822573912400F3A0D7 /* Place.swift in Sources */,
			);
			runOnlyForDeploymentPostprocessing = 0;
		};
/* End PBXSourcesBuildPhase section */

/* Begin PBXVariantGroup section */
		6BD1D36D2573903C00F3A0D7 /* Main.storyboard */ = {
			isa = PBXVariantGroup;
			children = (
				6BD1D36E2573903C00F3A0D7 /* Base */,
			);
			name = Main.storyboard;
			sourceTree = "<group>";
		};
		6BD1D3722573903D00F3A0D7 /* LaunchScreen.storyboard */ = {
			isa = PBXVariantGroup;
			children = (
				6BD1D3732573903D00F3A0D7 /* Base */,
			);
			name = LaunchScreen.storyboard;
			sourceTree = "<group>";
		};
/* End PBXVariantGroup section */

/* Begin XCBuildConfiguration section */
		6BD1D3762573903D00F3A0D7 /* Debug */ = {
			isa = XCBuildConfiguration;
			buildSettings = {
				ALWAYS_SEARCH_USER_PATHS = NO;
				CLANG_ANALYZER_NONNULL = YES;
				CLANG_ANALYZER_NUMBER_OBJECT_CONVERSION = YES_AGGRESSIVE;
				CLANG_CXX_LANGUAGE_STANDARD = "gnu++14";
				CLANG_CXX_LIBRARY = "libc++";
				CLANG_ENABLE_MODULES = YES;
				CLANG_ENABLE_OBJC_ARC = YES;
				CLANG_ENABLE_OBJC_WEAK = YES;
				CLANG_WARN_BLOCK_CAPTURE_AUTORELEASING = YES;
				CLANG_WARN_BOOL_CONVERSION = YES;
				CLANG_WARN_COMMA = YES;
				CLANG_WARN_CONSTANT_CONVERSION = YES;
				CLANG_WARN_DEPRECATED_OBJC_IMPLEMENTATIONS = YES;
				CLANG_WARN_DIRECT_OBJC_ISA_USAGE = YES_ERROR;
				CLANG_WARN_DOCUMENTATION_COMMENTS = YES;
				CLANG_WARN_EMPTY_BODY = YES;
				CLANG_WARN_ENUM_CONVERSION = YES;
				CLANG_WARN_INFINITE_RECURSION = YES;
				CLANG_WARN_INT_CONVERSION = YES;
				CLANG_WARN_NON_LITERAL_NULL_CONVERSION = YES;
				CLANG_WARN_OBJC_IMPLICIT_RETAIN_SELF = YES;
				CLANG_WARN_OBJC_LITERAL_CONVERSION = YES;
				CLANG_WARN_OBJC_ROOT_CLASS = YES_ERROR;
				CLANG_WARN_QUOTED_INCLUDE_IN_FRAMEWORK_HEADER = YES;
				CLANG_WARN_RANGE_LOOP_ANALYSIS = YES;
				CLANG_WARN_STRICT_PROTOTYPES = YES;
				CLANG_WARN_SUSPICIOUS_MOVE = YES;
				CLANG_WARN_UNGUARDED_AVAILABILITY = YES_AGGRESSIVE;
				CLANG_WARN_UNREACHABLE_CODE = YES;
				CLANG_WARN__DUPLICATE_METHOD_MATCH = YES;
				COPY_PHASE_STRIP = NO;
				DEBUG_INFORMATION_FORMAT = dwarf;
				ENABLE_STRICT_OBJC_MSGSEND = YES;
				ENABLE_TESTABILITY = YES;
				GCC_C_LANGUAGE_STANDARD = gnu11;
				GCC_DYNAMIC_NO_PIC = NO;
				GCC_NO_COMMON_BLOCKS = YES;
				GCC_OPTIMIZATION_LEVEL = 0;
				GCC_PREPROCESSOR_DEFINITIONS = (
					"DEBUG=1",
					"$(inherited)",
				);
				GCC_WARN_64_TO_32_BIT_CONVERSION = YES;
				GCC_WARN_ABOUT_RETURN_TYPE = YES_ERROR;
				GCC_WARN_UNDECLARED_SELECTOR = YES;
				GCC_WARN_UNINITIALIZED_AUTOS = YES_AGGRESSIVE;
				GCC_WARN_UNUSED_FUNCTION = YES;
				GCC_WARN_UNUSED_VARIABLE = YES;
				IPHONEOS_DEPLOYMENT_TARGET = 14.2;
				MTL_ENABLE_DEBUG_INFO = INCLUDE_SOURCE;
				MTL_FAST_MATH = YES;
				ONLY_ACTIVE_ARCH = YES;
				SDKROOT = iphoneos;
				SWIFT_ACTIVE_COMPILATION_CONDITIONS = DEBUG;
				SWIFT_OPTIMIZATION_LEVEL = "-Onone";
			};
			name = Debug;
		};
		6BD1D3772573903D00F3A0D7 /* Release */ = {
			isa = XCBuildConfiguration;
			buildSettings = {
				ALWAYS_SEARCH_USER_PATHS = NO;
				CLANG_ANALYZER_NONNULL = YES;
				CLANG_ANALYZER_NUMBER_OBJECT_CONVERSION = YES_AGGRESSIVE;
				CLANG_CXX_LANGUAGE_STANDARD = "gnu++14";
				CLANG_CXX_LIBRARY = "libc++";
				CLANG_ENABLE_MODULES = YES;
				CLANG_ENABLE_OBJC_ARC = YES;
				CLANG_ENABLE_OBJC_WEAK = YES;
				CLANG_WARN_BLOCK_CAPTURE_AUTORELEASING = YES;
				CLANG_WARN_BOOL_CONVERSION = YES;
				CLANG_WARN_COMMA = YES;
				CLANG_WARN_CONSTANT_CONVERSION = YES;
				CLANG_WARN_DEPRECATED_OBJC_IMPLEMENTATIONS = YES;
				CLANG_WARN_DIRECT_OBJC_ISA_USAGE = YES_ERROR;
				CLANG_WARN_DOCUMENTATION_COMMENTS = YES;
				CLANG_WARN_EMPTY_BODY = YES;
				CLANG_WARN_ENUM_CONVERSION = YES;
				CLANG_WARN_INFINITE_RECURSION = YES;
				CLANG_WARN_INT_CONVERSION = YES;
				CLANG_WARN_NON_LITERAL_NULL_CONVERSION = YES;
				CLANG_WARN_OBJC_IMPLICIT_RETAIN_SELF = YES;
				CLANG_WARN_OBJC_LITERAL_CONVERSION = YES;
				CLANG_WARN_OBJC_ROOT_CLASS = YES_ERROR;
				CLANG_WARN_QUOTED_INCLUDE_IN_FRAMEWORK_HEADER = YES;
				CLANG_WARN_RANGE_LOOP_ANALYSIS = YES;
				CLANG_WARN_STRICT_PROTOTYPES = YES;
				CLANG_WARN_SUSPICIOUS_MOVE = YES;
				CLANG_WARN_UNGUARDED_AVAILABILITY = YES_AGGRESSIVE;
				CLANG_WARN_UNREACHABLE_CODE = YES;
				CLANG_WARN__DUPLICATE_METHOD_MATCH = YES;
				COPY_PHASE_STRIP = NO;
				DEBUG_INFORMATION_FORMAT = "dwarf-with-dsym";
				ENABLE_NS_ASSERTIONS = NO;
				ENABLE_STRICT_OBJC_MSGSEND = YES;
				GCC_C_LANGUAGE_STANDARD = gnu11;
				GCC_NO_COMMON_BLOCKS = YES;
				GCC_WARN_64_TO_32_BIT_CONVERSION = YES;
				GCC_WARN_ABOUT_RETURN_TYPE = YES_ERROR;
				GCC_WARN_UNDECLARED_SELECTOR = YES;
				GCC_WARN_UNINITIALIZED_AUTOS = YES_AGGRESSIVE;
				GCC_WARN_UNUSED_FUNCTION = YES;
				GCC_WARN_UNUSED_VARIABLE = YES;
				IPHONEOS_DEPLOYMENT_TARGET = 14.2;
				MTL_ENABLE_DEBUG_INFO = NO;
				MTL_FAST_MATH = YES;
				SDKROOT = iphoneos;
				SWIFT_COMPILATION_MODE = wholemodule;
				SWIFT_OPTIMIZATION_LEVEL = "-O";
				VALIDATE_PRODUCT = YES;
			};
			name = Release;
		};
		6BD1D3792573903D00F3A0D7 /* Debug */ = {
			isa = XCBuildConfiguration;
			buildSettings = {
				ASSETCATALOG_COMPILER_APPICON_NAME = AppIcon;
				ASSETCATALOG_COMPILER_GLOBAL_ACCENT_COLOR_NAME = AccentColor;
				CODE_SIGN_STYLE = Automatic;
				DEVELOPMENT_TEAM = VHN36FC9H5;
				INFOPLIST_FILE = TourismApps/Info.plist;
				IPHONEOS_DEPLOYMENT_TARGET = 14.2;
				LD_RUNPATH_SEARCH_PATHS = (
					"$(inherited)",
					"@executable_path/Frameworks",
				);
				PRODUCT_BUNDLE_IDENTIFIER = com.gfadhlif.TourismApps;
				PRODUCT_NAME = "$(TARGET_NAME)";
				SWIFT_VERSION = 5.0;
				TARGETED_DEVICE_FAMILY = "1,2";
			};
			name = Debug;
		};
		6BD1D37A2573903D00F3A0D7 /* Release */ = {
			isa = XCBuildConfiguration;
			buildSettings = {
				ASSETCATALOG_COMPILER_APPICON_NAME = AppIcon;
				ASSETCATALOG_COMPILER_GLOBAL_ACCENT_COLOR_NAME = AccentColor;
				CODE_SIGN_STYLE = Automatic;
				DEVELOPMENT_TEAM = VHN36FC9H5;
				INFOPLIST_FILE = TourismApps/Info.plist;
				IPHONEOS_DEPLOYMENT_TARGET = 14.2;
				LD_RUNPATH_SEARCH_PATHS = (
					"$(inherited)",
					"@executable_path/Frameworks",
				);
				PRODUCT_BUNDLE_IDENTIFIER = com.gfadhlif.TourismApps;
				PRODUCT_NAME = "$(TARGET_NAME)";
				SWIFT_VERSION = 5.0;
				TARGETED_DEVICE_FAMILY = "1,2";
			};
			name = Release;
		};
/* End XCBuildConfiguration section */

/* Begin XCConfigurationList section */
		6BD1D35F2573903B00F3A0D7 /* Build configuration list for PBXProject "TourismApps" */ = {
			isa = XCConfigurationList;
			buildConfigurations = (
				6BD1D3762573903D00F3A0D7 /* Debug */,
				6BD1D3772573903D00F3A0D7 /* Release */,
			);
			defaultConfigurationIsVisible = 0;
			defaultConfigurationName = Release;
		};
		6BD1D3782573903D00F3A0D7 /* Build configuration list for PBXNativeTarget "TourismApps" */ = {
			isa = XCConfigurationList;
			buildConfigurations = (
				6BD1D3792573903D00F3A0D7 /* Debug */,
				6BD1D37A2573903D00F3A0D7 /* Release */,
			);
			defaultConfigurationIsVisible = 0;
			defaultConfigurationName = Release;
		};
/* End XCConfigurationList section */
	};
	rootObject = 6BD1D35C2573903B00F3A0D7 /* Project object */;
}
